
Microsoft Visual Studio Solution File, Format Version 12.00
# Visual Studio Version 17
VisualStudioVersion = 17.0.31903.59
MinimumVisualStudioVersion = 10.0.40219.1
Project("{2150E333-8FDC-42A3-9474-1A3956D46DE8}") = "src", "src", "{1A1A1A1A-1111-1111-1111-1111111111A1}"
EndProject
Project("{FAE04EC0-301F-11D3-BF4B-00C04F79EFBC}") = "GirderArrangements.Core", "src\GirderArrangements.Core\GirderArrangements.Core.csproj", "{2B2B2B2B-2222-2222-2222-2222222222B2}"
EndProject
Project("{FAE04EC0-301F-11D3-BF4B-00C04F79EFBC}") = "GirderArrangements.Nx", "src\GirderArrangements.Nx\GirderArrangements.Nx.csproj", "{3C3C3C3C-3333-3333-3333-3333333333C3}"
EndProject
Project("{FAE04EC0-301F-11D3-BF4B-00C04F79EFBC}") = "GirderArrangements", "src\GirderArrangements\GirderArrangements.csproj", "{4D4D4D4D-4444-4444-4444-4444444444D4}"
EndProject
Project("{FAE04EC0-301F-11D3-BF4B-00C04F79EFBC}") = "GirderArrangements.Core.Tests", "tests\GirderArrangements.Core.Tests\GirderArrangements.Core.Tests.csproj", "{5E5E5E5E-5555-5555-5555-5555555555E5}"
EndProject
Project("{FAE04EC0-301F-11D3-BF4B-00C04F79EFBC}") = "GirderArrangements.Launcher", "src\GirderArrangements.Launcher\GirderArrangements.Launcher.csproj", "{6F6F6F6F-6666-6666-6666-6666666666F6}"
EndProject
Global
	GlobalSection(SolutionConfigurationPlatforms) = preSolution
		Debug|Any CPU = Debug|Any CPU
		Release|Any CPU = Release|Any CPU
	EndGlobalSection
	GlobalSection(ProjectConfigurationPlatforms) = postSolution
		{2B2B2B2B-2222-2222-2222-2222222222B2}.Debug|Any CPU.ActiveCfg = Debug|Any CPU
		{2B2B2B2B-2222-2222-2222-2222222222B2}.Debug|Any CPU.Build.0 = Debug|Any CPU
		{2B2B2B2B-2222-2222-2222-2222222222B2}.Release|Any CPU.ActiveCfg = Release|Any CPU
		{2B2B2B2B-2222-2222-2222-2222222222B2}.Release|Any CPU.Build.0 = Release|Any CPU
		{3C3C3C3C-3333-3333-3333-3333333333C3}.Debug|Any CPU.ActiveCfg = Debug|Any CPU
		{3C3C3C3C-3333-3333-3333-3333333333C3}.Debug|Any CPU.Build.0 = Debug|Any CPU
		{3C3C3C3C-3333-3333-3333-3333333333C3}.Release|Any CPU.ActiveCfg = Release|Any CPU
		{3C3C3C3C-3333-3333-3333-3333333333C3}.Release|Any CPU.Build.0 = Release|Any CPU
		{4D4D4D4D-4444-4444-4444-4444444444D4}.Debug|Any CPU.ActiveCfg = Debug|Any CPU
		{4D4D4D4D-4444-4444-4444-4444444444D4}.Debug|Any CPU.Build.0 = Debug|Any CPU
		{4D4D4D4D-4444-4444-4444-4444444444D4}.Release|Any CPU.ActiveCfg = Release|Any CPU
		{4D4D4D4D-4444-4444-4444-4444444444D4}.Release|Any CPU.Build.0 = Release|Any CPU
		{5E5E5E5E-5555-5555-5555-5555555555E5}.Debug|Any CPU.ActiveCfg = Debug|Any CPU
		{5E5E5E5E-5555-5555-5555-5555555555E5}.Debug|Any CPU.Build.0 = Debug|Any CPU
		{5E5E5E5E-5555-5555-5555-5555555555E5}.Release|Any CPU.ActiveCfg = Release|Any CPU
		{5E5E5E5E-5555-5555-5555-5555555555E5}.Release|Any CPU.Build.0 = Release|Any CPU
		{6F6F6F6F-6666-6666-6666-6666666666F6}.Debug|Any CPU.ActiveCfg = Debug|Any CPU
		{6F6F6F6F-6666-6666-6666-6666666666F6}.Debug|Any CPU.Build.0 = Debug|Any CPU
		{6F6F6F6F-6666-6666-6666-6666666666F6}.Release|Any CPU.ActiveCfg = Release|Any CPU
		{6F6F6F6F-6666-6666-6666-6666666666F6}.Release|Any CPU.Build.0 = Release|Any CPU
	EndGlobalSection
	GlobalSection(SolutionProperties) = preSolution
		HideSolutionNode = FALSE
	EndGlobalSection
	GlobalSection(NestedProjects) = preSolution
		{2B2B2B2B-2222-2222-2222-2222222222B2} = {1A1A1A1A-1111-1111-1111-1111111111A1}
		{3C3C3C3C-3333-3333-3333-3333333333C3} = {1A1A1A1A-1111-1111-1111-1111111111A1}
		{4D4D4D4D-4444-4444-4444-4444444444D4} = {1A1A1A1A-1111-1111-1111-1111111111A1}
		{5E5E5E5E-5555-5555-5555-5555555555E5} = {1A1A1A1A-1111-1111-1111-1111111111A1}
		{6F6F6F6F-6666-6666-6666-6666666666F6} = {1A1A1A1A-1111-1111-1111-1111111111A1}
	EndGlobalSection
EndGlobal
